
Microsoft Visual Studio Solution File, Format Version 12.00
# Visual Studio Version 17
VisualStudioVersion = 17.13.35825.156 d17.13
MinimumVisualStudioVersion = 10.0.40219.1
Project("{FAE04EC0-301F-11D3-BF4B-00C04F79EFBC}") = "MemoryGame", "MemoryGame\MemoryGame.csproj", "{B6824499-B706-4F62-B956-CC224C8F0391}"
EndProject
Global
	GlobalSection(SolutionConfigurationPlatforms) = preSolution
		Debug|Any CPU = Debug|Any CPU
		Release|Any CPU = Release|Any CPU
	EndGlobalSection
	GlobalSection(ProjectConfigurationPlatforms) = postSolution
		{B6824499-B706-4F62-B956-CC224C8F0391}.Debug|Any CPU.ActiveCfg = Debug|Any CPU
		{B6824499-B706-4F62-B956-CC224C8F0391}.Debug|Any CPU.Build.0 = Debug|Any CPU
		{B6824499-B706-4F62-B956-CC224C8F0391}.Release|Any CPU.ActiveCfg = Release|Any CPU
		{B6824499-B706-4F62-B956-CC224C8F0391}.Release|Any CPU.Build.0 = Release|Any CPU
	EndGlobalSection
	GlobalSection(SolutionProperties) = preSolution
		HideSolutionNode = FALSE
	EndGlobalSection
	GlobalSection(ExtensibilityGlobals) = postSolution
		SolutionGuid = {08FEE138-5299-46D1-9852-DAD56F48F6F5}
	EndGlobalSection
EndGlobal
